version = 1
revision = 3
requires-python = ">=3.14"

[[package]]
name = "broken-rafts"
version = "0.1.0"
source = { virtual = "." }

[package.dev-dependencies]
dev = [
    { name = "pyrefly" },
]

[package.metadata]

[package.metadata.requires-dev]
dev = [{ name = "pyrefly", specifier = ">=0.64.1" }]

[[package]]
name = "pyrefly"
version = "0.64.1"
source = { registry = "https://pypi.org/simple" }
sdist = { url = "https://files.pythonhosted.org/packages/a7/13/7f824fa240a7c6b5595defc749d7e0e41c1c7fa2a889f55d5bd7d5cca28c/pyrefly-0.64.1.tar.gz", hash = "sha256:6303095afeedf4a93c7cf5e273ad0ada3d76f3a66b8769e06a6b96f0b2b22a39", size = 5678602, upload-time = "2026-05-08T03:37:53.334Z" }
wheels = [
    { url = "https://files.pythonhosted.org/packages/a4/1a/2a26e0b87942830bb3cdf21e89a6772efadd07ebf1d4f25a05ffc00ab71a/pyrefly-0.64.1-py3-none-macosx_10_12_x86_64.whl", hash = "sha256:df5c1a8edc83483b8fcc662a188ac09a129e1d051c676794ca9ac1005373ae0a", size = 13112175, upload-time = "2026-05-08T03:37:30.448Z" },
    { url = "https://files.pythonhosted.org/packages/5e/c8/625ad5ef423d425498eef4f350fe0a788d3d5403960dac6ff660b5a8edad/pyrefly-0.64.1-py3-none-macosx_11_0_arm64.whl", hash = "sha256:e0388c486816043c745744c7cc7f1215005c3c2d9506c5ee89ebaee013cd62f3", size = 12593929, upload-time = "2026-05-08T03:37:33.23Z" },
    { url = "https://files.pythonhosted.org/packages/9a/9e/0b11aa0d0310f274f41394884d57775d5ac7d36cdb57ba8f030b7dcfae50/pyrefly-0.64.1-py3-none-manylinux_2_17_aarch64.manylinux2014_aarch64.whl", hash = "sha256:da4d384a6466c59ba6bfa46b20f9a9f6b73922aeee43d96c9f89480d5edd3ad9", size = 12986439, upload-time = "2026-05-08T03:37:35.779Z" },
    { url = "https://files.pythonhosted.org/packages/20/be/3f774b450415fffe6ef13d0fcf4e22c733bad7c3d826a54693e17c9ab302/pyrefly-0.64.1-py3-none-manylinux_2_17_i686.manylinux2014_i686.whl", hash = "sha256:52fad756a47c9fc1d912f8564f2afdb816c4d057dfd8f90f07adce52314a5b56", size = 13936843, upload-time = "2026-05-08T03:37:38.203Z" },
    { url = "https://files.pythonhosted.org/packages/c2/ee/e551c0ce512f01ddc09ed4258856ed4513bf49f3749c8c814a5b94ae59a3/pyrefly-0.64.1-py3-none-manylinux_2_17_ppc64le.manylinux2014_ppc64le.whl", hash = "sha256:970a888b37eea53136a364b43e1466179ff8bb383e894c0afec3a3055e15cd9e", size = 13915094, upload-time = "2026-05-08T03:37:40.698Z" },
    { url = "https://files.pythonhosted.org/packages/48/c3/3aed3ff905f82833de7c48d8f9788e8ce9fed57c95bf876eef3cd02c4d29/pyrefly-0.64.1-py3-none-manylinux_2_17_x86_64.manylinux2014_x86_64.whl", hash = "sha256:92ac7078f174a79d489a0d0c43d858523f8e5b95f4981269f2f75c4aaa66be3d", size = 13459840, upload-time = "2026-05-08T03:37:43.245Z" },
    { url = "https://files.pythonhosted.org/packages/b4/ed/aa1dc8b913d416a3c8bffc5485b1efe23c6039ead0dc5a9ad5505bf161ce/pyrefly-0.64.1-py3-none-win32.whl", hash = "sha256:3d16c90365af2f424c6e6a5c87d85ca94e8618ebcb4bf4c910634fd65d32b2e6", size = 12208564, upload-time = "2026-05-08T03:37:45.988Z" },
    { url = "https://files.pythonhosted.org/packages/8c/0c/29dfe1cbcf3b1907558e67a3e4b304af3992933f05e22a596333489d5950/pyrefly-0.64.1-py3-none-win_amd64.whl", hash = "sha256:1fda307ecf414274445108a5df5b58c6fa1702a51b4ee6c1df87efeeb97dec59", size = 13134553, upload-time = "2026-05-08T03:37:48.459Z" },
    { url = "https://files.pythonhosted.org/packages/c2/7c/449407653fe95e3f3a65dd8a54d8729ac0451247489d79d4e07808d73917/pyrefly-0.64.1-py3-none-win_arm64.whl", hash = "sha256:8f83a74c1463842d486d6578a000feccf47cd54d6d7d6628ffe73b1055ca9dce", size = 12528438, upload-time = "2026-05-08T03:37:50.923Z" },
]
